// !$*UTF8*$!
{
	archiveVersion = 1;
	classes = {
	};
	objectVersion = 56;
	objects = {

/* Begin PBXBuildFile section */
		CD14D4A72B07A4E50081A908 /* recdrApp.swift in Sources */ = {isa = PBXBuildFile; fileRef = CD14D4A62B07A4E50081A908 /* recdrApp.swift */; };
		CD14D4A92B07A4E50081A908 /* ContentView.swift in Sources */ = {isa = PBXBuildFile; fileRef = CD14D4A82B07A4E50081A908 /* ContentView.swift */; };
		CD14D4AB2B07A4E70081A908 /* Assets.xcassets in Resources */ = {isa = PBXBuildFile; fileRef = CD14D4AA2B07A4E70081A908 /* Assets.xcassets */; };
		CD14D4AE2B07A4E70081A908 /* Preview Assets.xcassets in Resources */ = {isa = PBXBuildFile; fileRef = CD14D4AD2B07A4E70081A908 /* Preview Assets.xcassets */; };
		CD14D4B82B07A4E70081A908 /* recdrTests.swift in Sources */ = {isa = PBXBuildFile; fileRef = CD14D4B72B07A4E70081A908 /* recdrTests.swift */; };
		CD14D4C22B07A4E70081A908 /* recdrUITests.swift in Sources */ = {isa = PBXBuildFile; fileRef = CD14D4C12B07A4E70081A908 /* recdrUITests.swift */; };
		CD14D4C42B07A4E70081A908 /* recdrUITestsLaunchTests.swift in Sources */ = {isa = PBXBuildFile; fileRef = CD14D4C32B07A4E70081A908 /* recdrUITestsLaunchTests.swift */; };
		CD7564892B27BD1E00359E1A /* RecordingListView.swift in Sources */ = {isa = PBXBuildFile; fileRef = CD7564882B27BD1E00359E1A /* RecordingListView.swift */; };
		CD75648B2B27D70E00359E1A /* ActivityViewController.swift in Sources */ = {isa = PBXBuildFile; fileRef = CD75648A2B27D70E00359E1A /* ActivityViewController.swift */; };
		CDA55AD42B24884700363060 /* AudioView.swift in Sources */ = {isa = PBXBuildFile; fileRef = CDA55AD32B24884700363060 /* AudioView.swift */; };
		CDE375E32B223A05008FD530 /* AudioSession.swift in Sources */ = {isa = PBXBuildFile; fileRef = CDE375E22B223A05008FD530 /* AudioSession.swift */; };
		CDE375E52B223A54008FD530 /* AudioRecorder.swift in Sources */ = {isa = PBXBuildFile; fileRef = CDE375E42B223A54008FD530 /* AudioRecorder.swift */; };
		CDE375E82B235200008FD530 /* AudioKit in Frameworks */ = {isa = PBXBuildFile; productRef = CDE375E72B235200008FD530 /* AudioKit */; };
		CDE375EA2B235385008FD530 /* FileImportView.swift in Sources */ = {isa = PBXBuildFile; fileRef = CDE375E92B235385008FD530 /* FileImportView.swift */; };
		CDE375EC2B2353B2008FD530 /* AudioProcessor.swift in Sources */ = {isa = PBXBuildFile; fileRef = CDE375EB2B2353B2008FD530 /* AudioProcessor.swift */; };
/* End PBXBuildFile section */

/* Begin PBXContainerItemProxy section */
		CD14D4B42B07A4E70081A908 /* PBXContainerItemProxy */ = {
			isa = PBXContainerItemProxy;
			containerPortal = CD14D49B2B07A4E50081A908 /* Project object */;
			proxyType = 1;
			remoteGlobalIDString = CD14D4A22B07A4E50081A908;
			remoteInfo = recdr;
		};
		CD14D4BE2B07A4E70081A908 /* PBXContainerItemProxy */ = {
			isa = PBXContainerItemProxy;
			containerPortal = CD14D49B2B07A4E50081A908 /* Project object */;
			proxyType = 1;
			remoteGlobalIDString = CD14D4A22B07A4E50081A908;
			remoteInfo = recdr;
		};
/* End PBXContainerItemProxy section */

/* Begin PBXFileReference section */
		CD14D4A32B07A4E50081A908 /* recdr.app */ = {isa = PBXFileReference; explicitFileType = wrapper.application; includeInIndex = 0; path = recdr.app; sourceTree = BUILT_PRODUCTS_DIR; };
		CD14D4A62B07A4E50081A908 /* recdrApp.swift */ = {isa = PBXFileReference; lastKnownFileType = sourcecode.swift; path = recdrApp.swift; sourceTree = "<group>"; };
		CD14D4A82B07A4E50081A908 /* ContentView.swift */ = {isa = PBXFileReference; lastKnownFileType = sourcecode.swift; path = ContentView.swift; sourceTree = "<group>"; };
		CD14D4AA2B07A4E70081A908 /* Assets.xcassets */ = {isa = PBXFileReference; lastKnownFileType = folder.assetcatalog; path = Assets.xcassets; sourceTree = "<group>"; };
		CD14D4AD2B07A4E70081A908 /* Preview Assets.xcassets */ = {isa = PBXFileReference; lastKnownFileType = folder.assetcatalog; path = "Preview Assets.xcassets"; sourceTree = "<group>"; };
		CD14D4B32B07A4E70081A908 /* recdrTests.xctest */ = {isa = PBXFileReference; explicitFileType = wrapper.cfbundle; includeInIndex = 0; path = recdrTests.xctest; sourceTree = BUILT_PRODUCTS_DIR; };
		CD14D4B72B07A4E70081A908 /* recdrTests.swift */ = {isa = PBXFileReference; lastKnownFileType = sourcecode.swift; path = recdrTests.swift; sourceTree = "<group>"; };
		CD14D4BD2B07A4E70081A908 /* recdrUITests.xctest */ = {isa = PBXFileReference; explicitFileType = wrapper.cfbundle; includeInIndex = 0; path = recdrUITests.xctest; sourceTree = BUILT_PRODUCTS_DIR; };
		CD14D4C12B07A4E70081A908 /* recdrUITests.swift */ = {isa = PBXFileReference; lastKnownFileType = sourcecode.swift; path = recdrUITests.swift; sourceTree = "<group>"; };
		CD14D4C32B07A4E70081A908 /* recdrUITestsLaunchTests.swift */ = {isa = PBXFileReference; lastKnownFileType = sourcecode.swift; path = recdrUITestsLaunchTests.swift; sourceTree = "<group>"; };
		CD7564882B27BD1E00359E1A /* RecordingListView.swift */ = {isa = PBXFileReference; lastKnownFileType = sourcecode.swift; path = RecordingListView.swift; sourceTree = "<group>"; };
		CD75648A2B27D70E00359E1A /* ActivityViewController.swift */ = {isa = PBXFileReference; lastKnownFileType = sourcecode.swift; path = ActivityViewController.swift; sourceTree = "<group>"; };
		CDA55AD32B24884700363060 /* AudioView.swift */ = {isa = PBXFileReference; lastKnownFileType = sourcecode.swift; path = AudioView.swift; sourceTree = "<group>"; };
		CDE375E22B223A05008FD530 /* AudioSession.swift */ = {isa = PBXFileReference; lastKnownFileType = sourcecode.swift; path = AudioSession.swift; sourceTree = "<group>"; };
		CDE375E42B223A54008FD530 /* AudioRecorder.swift */ = {isa = PBXFileReference; lastKnownFileType = sourcecode.swift; path = AudioRecorder.swift; sourceTree = "<group>"; };
		CDE375E92B235385008FD530 /* FileImportView.swift */ = {isa = PBXFileReference; lastKnownFileType = sourcecode.swift; path = FileImportView.swift; sourceTree = "<group>"; };
		CDE375EB2B2353B2008FD530 /* AudioProcessor.swift */ = {isa = PBXFileReference; lastKnownFileType = sourcecode.swift; path = AudioProcessor.swift; sourceTree = "<group>"; };
/* End PBXFileReference section */

/* Begin PBXFrameworksBuildPhase section */
		CD14D4A02B07A4E50081A908 /* Frameworks */ = {
			isa = PBXFrameworksBuildPhase;
			buildActionMask = 2147483647;
			files = (
				CDE375E82B235200008FD530 /* AudioKit in Frameworks */,
			);
			runOnlyForDeploymentPostprocessing = 0;
		};
		CD14D4B02B07A4E70081A908 /* Frameworks */ = {
			isa = PBXFrameworksBuildPhase;
			buildActionMask = 2147483647;
			files = (
			);
			runOnlyForDeploymentPostprocessing = 0;
		};
		CD14D4BA2B07A4E70081A908 /* Frameworks */ = {
			isa = PBXFrameworksBuildPhase;
			buildActionMask = 2147483647;
			files = (
			);
			runOnlyForDeploymentPostprocessing = 0;
		};
/* End PBXFrameworksBuildPhase section */

/* Begin PBXGroup section */
		CD14D49A2B07A4E50081A908 = {
			isa = PBXGroup;
			children = (
				CD14D4A52B07A4E50081A908 /* recdr */,
				CD14D4B62B07A4E70081A908 /* recdrTests */,
				CD14D4C02B07A4E70081A908 /* recdrUITests */,
				CD14D4A42B07A4E50081A908 /* Products */,
			);
			sourceTree = "<group>";
		};
		CD14D4A42B07A4E50081A908 /* Products */ = {
			isa = PBXGroup;
			children = (
				CD14D4A32B07A4E50081A908 /* recdr.app */,
				CD14D4B32B07A4E70081A908 /* recdrTests.xctest */,
				CD14D4BD2B07A4E70081A908 /* recdrUITests.xctest */,
			);
			name = Products;
			sourceTree = "<group>";
		};
		CD14D4A52B07A4E50081A908 /* recdr */ = {
			isa = PBXGroup;
			children = (
				CD14D4A62B07A4E50081A908 /* recdrApp.swift */,
				CD14D4A82B07A4E50081A908 /* ContentView.swift */,
				CD14D4AA2B07A4E70081A908 /* Assets.xcassets */,
				CD14D4AC2B07A4E70081A908 /* Preview Content */,
				CDE375E22B223A05008FD530 /* AudioSession.swift */,
				CDE375E42B223A54008FD530 /* AudioRecorder.swift */,
				CDE375E92B235385008FD530 /* FileImportView.swift */,
				CDE375EB2B2353B2008FD530 /* AudioProcessor.swift */,
				CDA55AD32B24884700363060 /* AudioView.swift */,
				CD7564882B27BD1E00359E1A /* RecordingListView.swift */,
				CD75648A2B27D70E00359E1A /* ActivityViewController.swift */,
			);
			path = recdr;
			sourceTree = "<group>";
		};
		CD14D4AC2B07A4E70081A908 /* Preview Content */ = {
			isa = PBXGroup;
			children = (
				CD14D4AD2B07A4E70081A908 /* Preview Assets.xcassets */,
			);
			path = "Preview Content";
			sourceTree = "<group>";
		};
		CD14D4B62B07A4E70081A908 /* recdrTests */ = {
			isa = PBXGroup;
			children = (
				CD14D4B72B07A4E70081A908 /* recdrTests.swift */,
			);
			path = recdrTests;
			sourceTree = "<group>";
		};
		CD14D4C02B07A4E70081A908 /* recdrUITests */ = {
			isa = PBXGroup;
			children = (
				CD14D4C12B07A4E70081A908 /* recdrUITests.swift */,
				CD14D4C32B07A4E70081A908 /* recdrUITestsLaunchTests.swift */,
			);
			path = recdrUITests;
			sourceTree = "<group>";
		};
/* End PBXGroup section */

/* Begin PBXNativeTarget section */
		CD14D4A22B07A4E50081A908 /* recdr */ = {
			isa = PBXNativeTarget;
			buildConfigurationList = CD14D4C72B07A4E70081A908 /* Build configuration list for PBXNativeTarget "recdr" */;
			buildPhases = (
				CD14D49F2B07A4E50081A908 /* Sources */,
				CD14D4A02B07A4E50081A908 /* Frameworks */,
				CD14D4A12B07A4E50081A908 /* Resources */,
			);
			buildRules = (
			);
			dependencies = (
			);
			name = recdr;
			packageProductDependencies = (
				CDE375E72B235200008FD530 /* AudioKit */,
			);
			productName = recdr;
			productReference = CD14D4A32B07A4E50081A908 /* recdr.app */;
			productType = "com.apple.product-type.application";
		};
		CD14D4B22B07A4E70081A908 /* recdrTests */ = {
			isa = PBXNativeTarget;
			buildConfigurationList = CD14D4CA2B07A4E70081A908 /* Build configuration list for PBXNativeTarget "recdrTests" */;
			buildPhases = (
				CD14D4AF2B07A4E70081A908 /* Sources */,
				CD14D4B02B07A4E70081A908 /* Frameworks */,
				CD14D4B12B07A4E70081A908 /* Resources */,
			);
			buildRules = (
			);
			dependencies = (
				CD14D4B52B07A4E70081A908 /* PBXTargetDependency */,
			);
			name = recdrTests;
			productName = recdrTests;
			productReference = CD14D4B32B07A4E70081A908 /* recdrTests.xctest */;
			productType = "com.apple.product-type.bundle.unit-test";
		};
		CD14D4BC2B07A4E70081A908 /* recdrUITests */ = {
			isa = PBXNativeTarget;
			buildConfigurationList = CD14D4CD2B07A4E70081A908 /* Build configuration list for PBXNativeTarget "recdrUITests" */;
			buildPhases = (
				CD14D4B92B07A4E70081A908 /* Sources */,
				CD14D4BA2B07A4E70081A908 /* Frameworks */,
				CD14D4BB2B07A4E70081A908 /* Resources */,
			);
			buildRules = (
			);
			dependencies = (
				CD14D4BF2B07A4E70081A908 /* PBXTargetDependency */,
			);
			name = recdrUITests;
			productName = recdrUITests;
			productReference = CD14D4BD2B07A4E70081A908 /* recdrUITests.xctest */;
			productType = "com.apple.product-type.bundle.ui-testing";
		};
/* End PBXNativeTarget section */

/* Begin PBXProject section */
		CD14D49B2B07A4E50081A908 /* Project object */ = {
			isa = PBXProject;
			attributes = {
				BuildIndependentTargetsInParallel = 1;
				LastSwiftUpdateCheck = 1500;
				LastUpgradeCheck = 1500;
				TargetAttributes = {
					CD14D4A22B07A4E50081A908 = {
						CreatedOnToolsVersion = 15.0.1;
					};
					CD14D4B22B07A4E70081A908 = {
						CreatedOnToolsVersion = 15.0.1;
						TestTargetID = CD14D4A22B07A4E50081A908;
					};
					CD14D4BC2B07A4E70081A908 = {
						CreatedOnToolsVersion = 15.0.1;
						TestTargetID = CD14D4A22B07A4E50081A908;
					};
				};
			};
			buildConfigurationList = CD14D49E2B07A4E50081A908 /* Build configuration list for PBXProject "recdr" */;
			compatibilityVersion = "Xcode 14.0";
			developmentRegion = en;
			hasScannedForEncodings = 0;
			knownRegions = (
				en,
				Base,
			);
			mainGroup = CD14D49A2B07A4E50081A908;
			packageReferences = (
				CDE375E62B235200008FD530 /* XCRemoteSwiftPackageReference "AudioKit" */,
			);
			productRefGroup = CD14D4A42B07A4E50081A908 /* Products */;
			projectDirPath = "";
			projectRoot = "";
			targets = (
				CD14D4A22B07A4E50081A908 /* recdr */,
				CD14D4B22B07A4E70081A908 /* recdrTests */,
				CD14D4BC2B07A4E70081A908 /* recdrUITests */,
			);
		};
/* End PBXProject section */

/* Begin PBXResourcesBuildPhase section */
		CD14D4A12B07A4E50081A908 /* Resources */ = {
			isa = PBXResourcesBuildPhase;
			buildActionMask = 2147483647;
			files = (
				CD14D4AE2B07A4E70081A908 /* Preview Assets.xcassets in Resources */,
				CD14D4AB2B07A4E70081A908 /* Assets.xcassets in Resources */,
			);
			runOnlyForDeploymentPostprocessing = 0;
		};
		CD14D4B12B07A4E70081A908 /* Resources */ = {
			isa = PBXResourcesBuildPhase;
			buildActionMask = 2147483647;
			files = (
			);
			runOnlyForDeploymentPostprocessing = 0;
		};
		CD14D4BB2B07A4E70081A908 /* Resources */ = {
			isa = PBXResourcesBuildPhase;
			buildActionMask = 2147483647;
			files = (
			);
			runOnlyForDeploymentPostprocessing = 0;
		};
/* End PBXResourcesBuildPhase section */

/* Begin PBXSourcesBuildPhase section */
		CD14D49F2B07A4E50081A908 /* Sources */ = {
			isa = PBXSourcesBuildPhase;
			buildActionMask = 2147483647;
			files = (
				CD14D4A92B07A4E50081A908 /* ContentView.swift in Sources */,
				CD14D4A72B07A4E50081A908 /* recdrApp.swift in Sources */,
				CD7564892B27BD1E00359E1A /* RecordingListView.swift in Sources */,
				CDE375E52B223A54008FD530 /* AudioRecorder.swift in Sources */,
				CD75648B2B27D70E00359E1A /* ActivityViewController.swift in Sources */,
				CDE375EA2B235385008FD530 /* FileImportView.swift in Sources */,
				CDE375E32B223A05008FD530 /* AudioSession.swift in Sources */,
				CDE375EC2B2353B2008FD530 /* AudioProcessor.swift in Sources */,
				CDA55AD42B24884700363060 /* AudioView.swift in Sources */,
			);
			runOnlyForDeploymentPostprocessing = 0;
		};
		CD14D4AF2B07A4E70081A908 /* Sources */ = {
			isa = PBXSourcesBuildPhase;
			buildActionMask = 2147483647;
			files = (
				CD14D4B82B07A4E70081A908 /* recdrTests.swift in Sources */,
			);
			runOnlyForDeploymentPostprocessing = 0;
		};
		CD14D4B92B07A4E70081A908 /* Sources */ = {
			isa = PBXSourcesBuildPhase;
			buildActionMask = 2147483647;
			files = (
				CD14D4C22B07A4E70081A908 /* recdrUITests.swift in Sources */,
				CD14D4C42B07A4E70081A908 /* recdrUITestsLaunchTests.swift in Sources */,
			);
			runOnlyForDeploymentPostprocessing = 0;
		};
/* End PBXSourcesBuildPhase section */

/* Begin PBXTargetDependency section */
		CD14D4B52B07A4E70081A908 /* PBXTargetDependency */ = {
			isa = PBXTargetDependency;
			target = CD14D4A22B07A4E50081A908 /* recdr */;
			targetProxy = CD14D4B42B07A4E70081A908 /* PBXContainerItemProxy */;
		};
		CD14D4BF2B07A4E70081A908 /* PBXTargetDependency */ = {
			isa = PBXTargetDependency;
			target = CD14D4A22B07A4E50081A908 /* recdr */;
			targetProxy = CD14D4BE2B07A4E70081A908 /* PBXContainerItemProxy */;
		};
/* End PBXTargetDependency section */

/* Begin XCBuildConfiguration section */
		CD14D4C52B07A4E70081A908 /* Debug */ = {
			isa = XCBuildConfiguration;
			buildSettings = {
				ALWAYS_SEARCH_USER_PATHS = NO;
				ASSETCATALOG_COMPILER_GENERATE_SWIFT_ASSET_SYMBOL_EXTENSIONS = YES;
				CLANG_ANALYZER_NONNULL = YES;
				CLANG_ANALYZER_NUMBER_OBJECT_CONVERSION = YES_AGGRESSIVE;
				CLANG_CXX_LANGUAGE_STANDARD = "gnu++20";
				CLANG_ENABLE_MODULES = YES;
				CLANG_ENABLE_OBJC_ARC = YES;
				CLANG_ENABLE_OBJC_WEAK = YES;
				CLANG_WARN_BLOCK_CAPTURE_AUTORELEASING = YES;
				CLANG_WARN_BOOL_CONVERSION = YES;
				CLANG_WARN_COMMA = YES;
				CLANG_WARN_CONSTANT_CONVERSION = YES;
				CLANG_WARN_DEPRECATED_OBJC_IMPLEMENTATIONS = YES;
				CLANG_WARN_DIRECT_OBJC_ISA_USAGE = YES_ERROR;
				CLANG_WARN_DOCUMENTATION_COMMENTS = YES;
				CLANG_WARN_EMPTY_BODY = YES;
				CLANG_WARN_ENUM_CONVERSION = YES;
				CLANG_WARN_INFINITE_RECURSION = YES;
				CLANG_WARN_INT_CONVERSION = YES;
				CLANG_WARN_NON_LITERAL_NULL_CONVERSION = YES;
				CLANG_WARN_OBJC_IMPLICIT_RETAIN_SELF = YES;
				CLANG_WARN_OBJC_LITERAL_CONVERSION = YES;
				CLANG_WARN_OBJC_ROOT_CLASS = YES_ERROR;
				CLANG_WARN_QUOTED_INCLUDE_IN_FRAMEWORK_HEADER = YES;
				CLANG_WARN_RANGE_LOOP_ANALYSIS = YES;
				CLANG_WARN_STRICT_PROTOTYPES = YES;
				CLANG_WARN_SUSPICIOUS_MOVE = YES;
				CLANG_WARN_UNGUARDED_AVAILABILITY = YES_AGGRESSIVE;
				CLANG_WARN_UNREACHABLE_CODE = YES;
				CLANG_WARN__DUPLICATE_METHOD_MATCH = YES;
				COPY_PHASE_STRIP = NO;
				DEBUG_INFORMATION_FORMAT = dwarf;
				ENABLE_STRICT_OBJC_MSGSEND = YES;
				ENABLE_TESTABILITY = YES;
				ENABLE_USER_SCRIPT_SANDBOXING = YES;
				GCC_C_LANGUAGE_STANDARD = gnu17;
				GCC_DYNAMIC_NO_PIC = NO;
				GCC_NO_COMMON_BLOCKS = YES;
				GCC_OPTIMIZATION_LEVEL = 0;
				GCC_PREPROCESSOR_DEFINITIONS = (
					"DEBUG=1",
					"$(inherited)",
				);
				GCC_WARN_64_TO_32_BIT_CONVERSION = YES;
				GCC_WARN_ABOUT_RETURN_TYPE = YES_ERROR;
				GCC_WARN_UNDECLARED_SELECTOR = YES;
				GCC_WARN_UNINITIALIZED_AUTOS = YES_AGGRESSIVE;
				GCC_WARN_UNUSED_FUNCTION = YES;
				GCC_WARN_UNUSED_VARIABLE = YES;
				IPHONEOS_DEPLOYMENT_TARGET = 17.0;
				LOCALIZATION_PREFERS_STRING_CATALOGS = YES;
				MTL_ENABLE_DEBUG_INFO = INCLUDE_SOURCE;
				MTL_FAST_MATH = YES;
				ONLY_ACTIVE_ARCH = YES;
				SDKROOT = iphoneos;
				SWIFT_ACTIVE_COMPILATION_CONDITIONS = "DEBUG $(inherited)";
				SWIFT_OPTIMIZATION_LEVEL = "-Onone";
			};
			name = Debug;
		};
		CD14D4C62B07A4E70081A908 /* Release */ = {
			isa = XCBuildConfiguration;
			buildSettings = {
				ALWAYS_SEARCH_USER_PATHS = NO;
				ASSETCATALOG_COMPILER_GENERATE_SWIFT_ASSET_SYMBOL_EXTENSIONS = YES;
				CLANG_ANALYZER_NONNULL = YES;
				CLANG_ANALYZER_NUMBER_OBJECT_CONVERSION = YES_AGGRESSIVE;
				CLANG_CXX_LANGUAGE_STANDARD = "gnu++20";
				CLANG_ENABLE_MODULES = YES;
				CLANG_ENABLE_OBJC_ARC = YES;
				CLANG_ENABLE_OBJC_WEAK = YES;
				CLANG_WARN_BLOCK_CAPTURE_AUTORELEASING = YES;
				CLANG_WARN_BOOL_CONVERSION = YES;
				CLANG_WARN_COMMA = YES;
				CLANG_WARN_CONSTANT_CONVERSION = YES;
				CLANG_WARN_DEPRECATED_OBJC_IMPLEMENTATIONS = YES;
				CLANG_WARN_DIRECT_OBJC_ISA_USAGE = YES_ERROR;
				CLANG_WARN_DOCUMENTATION_COMMENTS = YES;
				CLANG_WARN_EMPTY_BODY = YES;
				CLANG_WARN_ENUM_CONVERSION = YES;
				CLANG_WARN_INFINITE_RECURSION = YES;
				CLANG_WARN_INT_CONVERSION = YES;
				CLANG_WARN_NON_LITERAL_NULL_CONVERSION = YES;
				CLANG_WARN_OBJC_IMPLICIT_RETAIN_SELF = YES;
				CLANG_WARN_OBJC_LITERAL_CONVERSION = YES;
				CLANG_WARN_OBJC_ROOT_CLASS = YES_ERROR;
				CLANG_WARN_QUOTED_INCLUDE_IN_FRAMEWORK_HEADER = YES;
				CLANG_WARN_RANGE_LOOP_ANALYSIS = YES;
				CLANG_WARN_STRICT_PROTOTYPES = YES;
				CLANG_WARN_SUSPICIOUS_MOVE = YES;
				CLANG_WARN_UNGUARDED_AVAILABILITY = YES_AGGRESSIVE;
				CLANG_WARN_UNREACHABLE_CODE = YES;
				CLANG_WARN__DUPLICATE_METHOD_MATCH = YES;
				COPY_PHASE_STRIP = NO;
				DEBUG_INFORMATION_FORMAT = "dwarf-with-dsym";
				ENABLE_NS_ASSERTIONS = NO;
				ENABLE_STRICT_OBJC_MSGSEND = YES;
				ENABLE_USER_SCRIPT_SANDBOXING = YES;
				GCC_C_LANGUAGE_STANDARD = gnu17;
				GCC_NO_COMMON_BLOCKS = YES;
				GCC_WARN_64_TO_32_BIT_CONVERSION = YES;
				GCC_WARN_ABOUT_RETURN_TYPE = YES_ERROR;
				GCC_WARN_UNDECLARED_SELECTOR = YES;
				GCC_WARN_UNINITIALIZED_AUTOS = YES_AGGRESSIVE;
				GCC_WARN_UNUSED_FUNCTION = YES;
				GCC_WARN_UNUSED_VARIABLE = YES;
				IPHONEOS_DEPLOYMENT_TARGET = 17.0;
				LOCALIZATION_PREFERS_STRING_CATALOGS = YES;
				MTL_ENABLE_DEBUG_INFO = NO;
				MTL_FAST_MATH = YES;
				SDKROOT = iphoneos;
				SWIFT_COMPILATION_MODE = wholemodule;
				VALIDATE_PRODUCT = YES;
			};
			name = Release;
		};
		CD14D4C82B07A4E70081A908 /* Debug */ = {
			isa = XCBuildConfiguration;
			buildSettings = {
				ASSETCATALOG_COMPILER_APPICON_NAME = AppIcon;
				ASSETCATALOG_COMPILER_GLOBAL_ACCENT_COLOR_NAME = AccentColor;
				CODE_SIGN_STYLE = Automatic;
				CURRENT_PROJECT_VERSION = 1;
				DEVELOPMENT_ASSET_PATHS = "\"recdr/Preview Content\"";
				DEVELOPMENT_TEAM = 84YBFP8AHS;
				ENABLE_PREVIEWS = YES;
				GENERATE_INFOPLIST_FILE = YES;
				INFOPLIST_KEY_NSMicrophoneUsageDescription = "Need microphone access for uploading and processing audio";
				INFOPLIST_KEY_UIApplicationSceneManifest_Generation = YES;
				INFOPLIST_KEY_UIApplicationSupportsIndirectInputEvents = YES;
				INFOPLIST_KEY_UILaunchScreen_Generation = YES;
				INFOPLIST_KEY_UISupportedInterfaceOrientations_iPad = "UIInterfaceOrientationPortrait UIInterfaceOrientationPortraitUpsideDown UIInterfaceOrientationLandscapeLeft UIInterfaceOrientationLandscapeRight";
				INFOPLIST_KEY_UISupportedInterfaceOrientations_iPhone = "UIInterfaceOrientationPortrait UIInterfaceOrientationLandscapeLeft UIInterfaceOrientationLandscapeRight";
				LD_RUNPATH_SEARCH_PATHS = (
					"$(inherited)",
					"@executable_path/Frameworks",
				);
				MARKETING_VERSION = 1.0;
				PRODUCT_BUNDLE_IDENTIFIER = "pc-e.org.recdr";
				PRODUCT_NAME = "$(TARGET_NAME)";
				SWIFT_EMIT_LOC_STRINGS = YES;
				SWIFT_VERSION = 5.0;
				TARGETED_DEVICE_FAMILY = "1,2";
			};
			name = Debug;
		};
		CD14D4C92B07A4E70081A908 /* Release */ = {
			isa = XCBuildConfiguration;
			buildSettings = {
				ASSETCATALOG_COMPILER_APPICON_NAME = AppIcon;
				ASSETCATALOG_COMPILER_GLOBAL_ACCENT_COLOR_NAME = AccentColor;
				CODE_SIGN_STYLE = Automatic;
				CURRENT_PROJECT_VERSION = 1;
				DEVELOPMENT_ASSET_PATHS = "\"recdr/Preview Content\"";
				DEVELOPMENT_TEAM = 84YBFP8AHS;
				ENABLE_PREVIEWS = YES;
				GENERATE_INFOPLIST_FILE = YES;
				INFOPLIST_KEY_NSMicrophoneUsageDescription = "Need microphone access for uploading and processing audio";
				INFOPLIST_KEY_UIApplicationSceneManifest_Generation = YES;
				INFOPLIST_KEY_UIApplicationSupportsIndirectInputEvents = YES;
				INFOPLIST_KEY_UILaunchScreen_Generation = YES;
				INFOPLIST_KEY_UISupportedInterfaceOrientations_iPad = "UIInterfaceOrientationPortrait UIInterfaceOrientationPortraitUpsideDown UIInterfaceOrientationLandscapeLeft UIInterfaceOrientationLandscapeRight";
				INFOPLIST_KEY_UISupportedInterfaceOrientations_iPhone = "UIInterfaceOrientationPortrait UIInterfaceOrientationLandscapeLeft UIInterfaceOrientationLandscapeRight";
				LD_RUNPATH_SEARCH_PATHS = (
					"$(inherited)",
					"@executable_path/Frameworks",
				);
				MARKETING_VERSION = 1.0;
				PRODUCT_BUNDLE_IDENTIFIER = "pc-e.org.recdr";
				PRODUCT_NAME = "$(TARGET_NAME)";
				SWIFT_EMIT_LOC_STRINGS = YES;
				SWIFT_VERSION = 5.0;
				TARGETED_DEVICE_FAMILY = "1,2";
			};
			name = Release;
		};
		CD14D4CB2B07A4E70081A908 /* Debug */ = {
			isa = XCBuildConfiguration;
			buildSettings = {
				ALWAYS_EMBED_SWIFT_STANDARD_LIBRARIES = YES;
				BUNDLE_LOADER = "$(TEST_HOST)";
				CODE_SIGN_STYLE = Automatic;
				CURRENT_PROJECT_VERSION = 1;
				DEVELOPMENT_TEAM = 84YBFP8AHS;
				GENERATE_INFOPLIST_FILE = YES;
				IPHONEOS_DEPLOYMENT_TARGET = 17.0;
				MARKETING_VERSION = 1.0;
				PRODUCT_BUNDLE_IDENTIFIER = "pc-e.org.recdrTests";
				PRODUCT_NAME = "$(TARGET_NAME)";
				SWIFT_EMIT_LOC_STRINGS = NO;
				SWIFT_VERSION = 5.0;
				TARGETED_DEVICE_FAMILY = "1,2";
				TEST_HOST = "$(BUILT_PRODUCTS_DIR)/recdr.app/$(BUNDLE_EXECUTABLE_FOLDER_PATH)/recdr";
			};
			name = Debug;
		};
		CD14D4CC2B07A4E70081A908 /* Release */ = {
			isa = XCBuildConfiguration;
			buildSettings = {
				ALWAYS_EMBED_SWIFT_STANDARD_LIBRARIES = YES;
				BUNDLE_LOADER = "$(TEST_HOST)";
				CODE_SIGN_STYLE = Automatic;
				CURRENT_PROJECT_VERSION = 1;
				DEVELOPMENT_TEAM = 84YBFP8AHS;
				GENERATE_INFOPLIST_FILE = YES;
				IPHONEOS_DEPLOYMENT_TARGET = 17.0;
				MARKETING_VERSION = 1.0;
				PRODUCT_BUNDLE_IDENTIFIER = "pc-e.org.recdrTests";
				PRODUCT_NAME = "$(TARGET_NAME)";
				SWIFT_EMIT_LOC_STRINGS = NO;
				SWIFT_VERSION = 5.0;
				TARGETED_DEVICE_FAMILY = "1,2";
				TEST_HOST = "$(BUILT_PRODUCTS_DIR)/recdr.app/$(BUNDLE_EXECUTABLE_FOLDER_PATH)/recdr";
			};
			name = Release;
		};
		CD14D4CE2B07A4E70081A908 /* Debug */ = {
			isa = XCBuildConfiguration;
			buildSettings = {
				ALWAYS_EMBED_SWIFT_STANDARD_LIBRARIES = YES;
				CODE_SIGN_STYLE = Automatic;
				CURRENT_PROJECT_VERSION = 1;
				DEVELOPMENT_TEAM = 84YBFP8AHS;
				GENERATE_INFOPLIST_FILE = YES;
				MARKETING_VERSION = 1.0;
				PRODUCT_BUNDLE_IDENTIFIER = "pc-e.org.recdrUITests";
				PRODUCT_NAME = "$(TARGET_NAME)";
				SWIFT_EMIT_LOC_STRINGS = NO;
				SWIFT_VERSION = 5.0;
				TARGETED_DEVICE_FAMILY = "1,2";
				TEST_TARGET_NAME = recdr;
			};
			name = Debug;
		};
		CD14D4CF2B07A4E70081A908 /* Release */ = {
			isa = XCBuildConfiguration;
			buildSettings = {
				ALWAYS_EMBED_SWIFT_STANDARD_LIBRARIES = YES;
				CODE_SIGN_STYLE = Automatic;
				CURRENT_PROJECT_VERSION = 1;
				DEVELOPMENT_TEAM = 84YBFP8AHS;
				GENERATE_INFOPLIST_FILE = YES;
				MARKETING_VERSION = 1.0;
				PRODUCT_BUNDLE_IDENTIFIER = "pc-e.org.recdrUITests";
				PRODUCT_NAME = "$(TARGET_NAME)";
				SWIFT_EMIT_LOC_STRINGS = NO;
				SWIFT_VERSION = 5.0;
				TARGETED_DEVICE_FAMILY = "1,2";
				TEST_TARGET_NAME = recdr;
			};
			name = Release;
		};
/* End XCBuildConfiguration section */

/* Begin XCConfigurationList section */
		CD14D49E2B07A4E50081A908 /* Build configuration list for PBXProject "recdr" */ = {
			isa = XCConfigurationList;
			buildConfigurations = (
				CD14D4C52B07A4E70081A908 /* Debug */,
				CD14D4C62B07A4E70081A908 /* Release */,
			);
			defaultConfigurationIsVisible = 0;
			defaultConfigurationName = Release;
		};
		CD14D4C72B07A4E70081A908 /* Build configuration list for PBXNativeTarget "recdr" */ = {
			isa = XCConfigurationList;
			buildConfigurations = (
				CD14D4C82B07A4E70081A908 /* Debug */,
				CD14D4C92B07A4E70081A908 /* Release */,
			);
			defaultConfigurationIsVisible = 0;
			defaultConfigurationName = Release;
		};
		CD14D4CA2B07A4E70081A908 /* Build configuration list for PBXNativeTarget "recdrTests" */ = {
			isa = XCConfigurationList;
			buildConfigurations = (
				CD14D4CB2B07A4E70081A908 /* Debug */,
				CD14D4CC2B07A4E70081A908 /* Release */,
			);
			defaultConfigurationIsVisible = 0;
			defaultConfigurationName = Release;
		};
		CD14D4CD2B07A4E70081A908 /* Build configuration list for PBXNativeTarget "recdrUITests" */ = {
			isa = XCConfigurationList;
			buildConfigurations = (
				CD14D4CE2B07A4E70081A908 /* Debug */,
				CD14D4CF2B07A4E70081A908 /* Release */,
			);
			defaultConfigurationIsVisible = 0;
			defaultConfigurationName = Release;
		};
/* End XCConfigurationList section */

/* Begin XCRemoteSwiftPackageReference section */
		CDE375E62B235200008FD530 /* XCRemoteSwiftPackageReference "AudioKit" */ = {
			isa = XCRemoteSwiftPackageReference;
			repositoryURL = "https://github.com/AudioKit/AudioKit.git";
			requirement = {
				kind = upToNextMajorVersion;
				minimumVersion = 5.6.2;
			};
		};
/* End XCRemoteSwiftPackageReference section */

/* Begin XCSwiftPackageProductDependency section */
		CDE375E72B235200008FD530 /* AudioKit */ = {
			isa = XCSwiftPackageProductDependency;
			package = CDE375E62B235200008FD530 /* XCRemoteSwiftPackageReference "AudioKit" */;
			productName = AudioKit;
		};
/* End XCSwiftPackageProductDependency section */
	};
	rootObject = CD14D49B2B07A4E50081A908 /* Project object */;
}
